
Microsoft Visual Studio Solution File, Format Version 11.00
# Visual Studio 2010
Project("{8BC9CEB8-8B4A-11D0-8D11-00A0C91BC942}") = "Shader", "Shader\Shader.vcxproj", "{76463E5E-F8F2-4B29-8035-7E8A46BD79DC}"
EndProject
Global
	GlobalSection(SolutionConfigurationPlatforms) = preSolution
		Debug|Win32 = Debug|Win32
		Release|Win32 = Release|Win32
	EndGlobalSection
	GlobalSection(ProjectConfigurationPlatforms) = postSolution
		{76463E5E-F8F2-4B29-8035-7E8A46BD79DC}.Debug|Win32.ActiveCfg = Debug|Win32
		{76463E5E-F8F2-4B29-8035-7E8A46BD79DC}.Debug|Win32.Build.0 = Debug|Win32
		{76463E5E-F8F2-4B29-8035-7E8A46BD79DC}.Release|Win32.ActiveCfg = Release|Win32
		{76463E5E-F8F2-4B29-8035-7E8A46BD79DC}.Release|Win32.Build.0 = Release|Win32
	EndGlobalSection
	GlobalSection(SolutionProperties) = preSolution
		HideSolutionNode = FALSE
	EndGlobalSection
EndGlobal
